
Microsoft Visual Studio Solution File, Format Version 10.00
# Visual C# Express 2008
Project("{FAE04EC0-301F-11D3-BF4B-00C04F79EFBC}") = "DvdNavigatorCrm", "DvdNavigatorCrm.csproj", "{17CEC523-AA01-4410-8BFA-4CAB1C97DD69}"
EndProject
Project("{FAE04EC0-301F-11D3-BF4B-00C04F79EFBC}") = "DvdNavigatorCrmTest", "DvdNavigatorCrmTest.csproj", "{8A9542B1-6235-4DE8-8112-2218C8EB3B0B}"
	ProjectSection(ProjectDependencies) = postProject
		{17CEC523-AA01-4410-8BFA-4CAB1C97DD69} = {17CEC523-AA01-4410-8BFA-4CAB1C97DD69}
	EndProjectSection
EndProject
Project("{FAE04EC0-301F-11D3-BF4B-00C04F79EFBC}") = "AllDvdOpCodes", "AllDvdOpCodes\AllDvdOpCodes.csproj", "{B1BCCFE8-6BBC-45CB-A5F4-9A90F89D9FDD}"
EndProject
Global
	GlobalSection(SolutionConfigurationPlatforms) = preSolution
		Debug|Any CPU = Debug|Any CPU
		Release|Any CPU = Release|Any CPU
	EndGlobalSection
	GlobalSection(ProjectConfigurationPlatforms) = postSolution
		{17CEC523-AA01-4410-8BFA-4CAB1C97DD69}.Debug|Any CPU.ActiveCfg = Debug|Any CPU
		{17CEC523-AA01-4410-8BFA-4CAB1C97DD69}.Debug|Any CPU.Build.0 = Debug|Any CPU
		{17CEC523-AA01-4410-8BFA-4CAB1C97DD69}.Release|Any CPU.ActiveCfg = Release|Any CPU
		{17CEC523-AA01-4410-8BFA-4CAB1C97DD69}.Release|Any CPU.Build.0 = Release|Any CPU
		{8A9542B1-6235-4DE8-8112-2218C8EB3B0B}.Debug|Any CPU.ActiveCfg = Debug|Any CPU
		{8A9542B1-6235-4DE8-8112-2218C8EB3B0B}.Debug|Any CPU.Build.0 = Debug|Any CPU
		{8A9542B1-6235-4DE8-8112-2218C8EB3B0B}.Release|Any CPU.ActiveCfg = Release|Any CPU
		{8A9542B1-6235-4DE8-8112-2218C8EB3B0B}.Release|Any CPU.Build.0 = Release|Any CPU
		{B1BCCFE8-6BBC-45CB-A5F4-9A90F89D9FDD}.Debug|Any CPU.ActiveCfg = Debug|Any CPU
		{B1BCCFE8-6BBC-45CB-A5F4-9A90F89D9FDD}.Debug|Any CPU.Build.0 = Debug|Any CPU
		{B1BCCFE8-6BBC-45CB-A5F4-9A90F89D9FDD}.Release|Any CPU.ActiveCfg = Release|Any CPU
		{B1BCCFE8-6BBC-45CB-A5F4-9A90F89D9FDD}.Release|Any CPU.Build.0 = Release|Any CPU
	EndGlobalSection
	GlobalSection(SolutionProperties) = preSolution
		HideSolutionNode = FALSE
	EndGlobalSection
EndGlobal
